
Microsoft Visual Studio Solution File, Format Version 12.00
Project("{FAE04EC0-301F-11D3-BF4B-00C04F79EFBC}") = "csutil", "csutil\csutil.csproj", "{5FE71136-9DC4-41A1-8A0F-23A766B07B98}"
EndProject
Global
	GlobalSection(SolutionConfigurationPlatforms) = preSolution
		Debug|Any CPU = Debug|Any CPU
		Release|Any CPU = Release|Any CPU
	EndGlobalSection
	GlobalSection(ProjectConfigurationPlatforms) = postSolution
		{5FE71136-9DC4-41A1-8A0F-23A766B07B98}.Debug|Any CPU.ActiveCfg = Debug|Any CPU
		{5FE71136-9DC4-41A1-8A0F-23A766B07B98}.Debug|Any CPU.Build.0 = Debug|Any CPU
		{5FE71136-9DC4-41A1-8A0F-23A766B07B98}.Release|Any CPU.ActiveCfg = Release|Any CPU
		{5FE71136-9DC4-41A1-8A0F-23A766B07B98}.Release|Any CPU.Build.0 = Release|Any CPU
	EndGlobalSection
EndGlobal
